// !$*UTF8*$!
{
	archiveVersion = 1;
	classes = {
	};
	objectVersion = 50;
	objects = {

/* Begin PBXBuildFile section */
		9521D420234F705700C853D5 /* CircleImage.swift in Sources */ = {isa = PBXBuildFile; fileRef = 9521D41F234F705700C853D5 /* CircleImage.swift */; };
		9521D422234F716E00C853D5 /* MapView.swift in Sources */ = {isa = PBXBuildFile; fileRef = 9521D421234F716E00C853D5 /* MapView.swift */; };
		95CF19AC234946ED00918D80 /* AppDelegate.swift in Sources */ = {isa = PBXBuildFile; fileRef = 95CF19AB234946ED00918D80 /* AppDelegate.swift */; };
		95CF19AE234946ED00918D80 /* SceneDelegate.swift in Sources */ = {isa = PBXBuildFile; fileRef = 95CF19AD234946ED00918D80 /* SceneDelegate.swift */; };
		95CF19B0234946ED00918D80 /* ContentView.swift in Sources */ = {isa = PBXBuildFile; fileRef = 95CF19AF234946ED00918D80 /* ContentView.swift */; };
		95CF19B2234946EE00918D80 /* Assets.xcassets in Resources */ = {isa = PBXBuildFile; fileRef = 95CF19B1234946EE00918D80 /* Assets.xcassets */; };
		95CF19B5234946EE00918D80 /* Preview Assets.xcassets in Resources */ = {isa = PBXBuildFile; fileRef = 95CF19B4234946EE00918D80 /* Preview Assets.xcassets */; };
		95CF19B8234946EE00918D80 /* LaunchScreen.storyboard in Resources */ = {isa = PBXBuildFile; fileRef = 95CF19B6234946EE00918D80 /* LaunchScreen.storyboard */; };
/* End PBXBuildFile section */

/* Begin PBXFileReference section */
		9521D41F234F705700C853D5 /* CircleImage.swift */ = {isa = PBXFileReference; lastKnownFileType = sourcecode.swift; path = CircleImage.swift; sourceTree = "<group>"; };
		9521D421234F716E00C853D5 /* MapView.swift */ = {isa = PBXFileReference; lastKnownFileType = sourcecode.swift; path = MapView.swift; sourceTree = "<group>"; };
		95CF19A8234946ED00918D80 /* SwiftUI Demo.app */ = {isa = PBXFileReference; explicitFileType = wrapper.application; includeInIndex = 0; path = "SwiftUI Demo.app"; sourceTree = BUILT_PRODUCTS_DIR; };
		95CF19AB234946ED00918D80 /* AppDelegate.swift */ = {isa = PBXFileReference; lastKnownFileType = sourcecode.swift; path = AppDelegate.swift; sourceTree = "<group>"; };
		95CF19AD234946ED00918D80 /* SceneDelegate.swift */ = {isa = PBXFileReference; lastKnownFileType = sourcecode.swift; path = SceneDelegate.swift; sourceTree = "<group>"; };
		95CF19AF234946ED00918D80 /* ContentView.swift */ = {isa = PBXFileReference; lastKnownFileType = sourcecode.swift; path = ContentView.swift; sourceTree = "<group>"; };
		95CF19B1234946EE00918D80 /* Assets.xcassets */ = {isa = PBXFileReference; lastKnownFileType = folder.assetcatalog; path = Assets.xcassets; sourceTree = "<group>"; };
		95CF19B4234946EE00918D80 /* Preview Assets.xcassets */ = {isa = PBXFileReference; lastKnownFileType = folder.assetcatalog; path = "Preview Assets.xcassets"; sourceTree = "<group>"; };
		95CF19B7234946EE00918D80 /* Base */ = {isa = PBXFileReference; lastKnownFileType = file.storyboard; name = Base; path = Base.lproj/LaunchScreen.storyboard; sourceTree = "<group>"; };
		95CF19B9234946EE00918D80 /* Info.plist */ = {isa = PBXFileReference; lastKnownFileType = text.plist.xml; path = Info.plist; sourceTree = "<group>"; };
/* End PBXFileReference section */

/* Begin PBXFrameworksBuildPhase section */
		95CF19A5234946ED00918D80 /* Frameworks */ = {
			isa = PBXFrameworksBuildPhase;
			buildActionMask = 2147483647;
			files = (
			);
			runOnlyForDeploymentPostprocessing = 0;
		};
/* End PBXFrameworksBuildPhase section */

/* Begin PBXGroup section */
		95CF199F234946ED00918D80 = {
			isa = PBXGroup;
			children = (
				95CF19AA234946ED00918D80 /* SwiftUI Demo */,
				95CF19A9234946ED00918D80 /* Products */,
			);
			sourceTree = "<group>";
		};
		95CF19A9234946ED00918D80 /* Products */ = {
			isa = PBXGroup;
			children = (
				95CF19A8234946ED00918D80 /* SwiftUI Demo.app */,
			);
			name = Products;
			sourceTree = "<group>";
		};
		95CF19AA234946ED00918D80 /* SwiftUI Demo */ = {
			isa = PBXGroup;
			children = (
				95CF19AB234946ED00918D80 /* AppDelegate.swift */,
				95CF19AD234946ED00918D80 /* SceneDelegate.swift */,
				95CF19AF234946ED00918D80 /* ContentView.swift */,
				9521D41F234F705700C853D5 /* CircleImage.swift */,
				9521D421234F716E00C853D5 /* MapView.swift */,
				95CF19B1234946EE00918D80 /* Assets.xcassets */,
				95CF19B6234946EE00918D80 /* LaunchScreen.storyboard */,
				95CF19B9234946EE00918D80 /* Info.plist */,
				95CF19B3234946EE00918D80 /* Preview Content */,
			);
			path = "SwiftUI Demo";
			sourceTree = "<group>";
		};
		95CF19B3234946EE00918D80 /* Preview Content */ = {
			isa = PBXGroup;
			children = (
				95CF19B4234946EE00918D80 /* Preview Assets.xcassets */,
			);
			path = "Preview Content";
			sourceTree = "<group>";
		};
/* End PBXGroup section */

/* Begin PBXNativeTarget section */
		95CF19A7234946ED00918D80 /* SwiftUI Demo */ = {
			isa = PBXNativeTarget;
			buildConfigurationList = 95CF19BC234946EE00918D80 /* Build configuration list for PBXNativeTarget "SwiftUI Demo" */;
			buildPhases = (
				95CF19A4234946ED00918D80 /* Sources */,
				95CF19A5234946ED00918D80 /* Frameworks */,
				95CF19A6234946ED00918D80 /* Resources */,
			);
			buildRules = (
			);
			dependencies = (
			);
			name = "SwiftUI Demo";
			productName = "SwiftUI Demo";
			productReference = 95CF19A8234946ED00918D80 /* SwiftUI Demo.app */;
			productType = "com.apple.product-type.application";
		};
/* End PBXNativeTarget section */

/* Begin PBXProject section */
		95CF19A0234946ED00918D80 /* Project object */ = {
			isa = PBXProject;
			attributes = {
				LastSwiftUpdateCheck = 1100;
				LastUpgradeCheck = 1100;
				ORGANIZATIONNAME = "Lucas Dahl";
				TargetAttributes = {
					95CF19A7234946ED00918D80 = {
						CreatedOnToolsVersion = 11.0;
					};
				};
			};
			buildConfigurationList = 95CF19A3234946ED00918D80 /* Build configuration list for PBXProject "SwiftUI Demo" */;
			compatibilityVersion = "Xcode 9.3";
			developmentRegion = en;
			hasScannedForEncodings = 0;
			knownRegions = (
				en,
				Base,
			);
			mainGroup = 95CF199F234946ED00918D80;
			productRefGroup = 95CF19A9234946ED00918D80 /* Products */;
			projectDirPath = "";
			projectRoot = "";
			targets = (
				95CF19A7234946ED00918D80 /* SwiftUI Demo */,
			);
		};
/* End PBXProject section */

/* Begin PBXResourcesBuildPhase section */
		95CF19A6234946ED00918D80 /* Resources */ = {
			isa = PBXResourcesBuildPhase;
			buildActionMask = 2147483647;
			files = (
				95CF19B8234946EE00918D80 /* LaunchScreen.storyboard in Resources */,
				95CF19B5234946EE00918D80 /* Preview Assets.xcassets in Resources */,
				95CF19B2234946EE00918D80 /* Assets.xcassets in Resources */,
			);
			runOnlyForDeploymentPostprocessing = 0;
		};
/* End PBXResourcesBuildPhase section */

/* Begin PBXSourcesBuildPhase section */
		95CF19A4234946ED00918D80 /* Sources */ = {
			isa = PBXSourcesBuildPhase;
			buildActionMask = 2147483647;
			files = (
				95CF19AC234946ED00918D80 /* AppDelegate.swift in Sources */,
				9521D420234F705700C853D5 /* CircleImage.swift in Sources */,
				9521D422234F716E00C853D5 /* MapView.swift in Sources */,
				95CF19AE234946ED00918D80 /* SceneDelegate.swift in Sources */,
				95CF19B0234946ED00918D80 /* ContentView.swift in Sources */,
			);
			runOnlyForDeploymentPostprocessing = 0;
		};
/* End PBXSourcesBuildPhase section */

/* Begin PBXVariantGroup section */
		95CF19B6234946EE00918D80 /* LaunchScreen.storyboard */ = {
			isa = PBXVariantGroup;
			children = (
				95CF19B7234946EE00918D80 /* Base */,
			);
			name = LaunchScreen.storyboard;
			sourceTree = "<group>";
		};
/* End PBXVariantGroup section */

/* Begin XCBuildConfiguration section */
		95CF19BA234946EE00918D80 /* Debug */ = {
			isa = XCBuildConfiguration;
			buildSettings = {
				ALWAYS_SEARCH_USER_PATHS = NO;
				CLANG_ANALYZER_NONNULL = YES;
				CLANG_ANALYZER_NUMBER_OBJECT_CONVERSION = YES_AGGRESSIVE;
				CLANG_CXX_LANGUAGE_STANDARD = "gnu++14";
				CLANG_CXX_LIBRARY = "libc++";
				CLANG_ENABLE_MODULES = YES;
				CLANG_ENABLE_OBJC_ARC = YES;
				CLANG_ENABLE_OBJC_WEAK = YES;
				CLANG_WARN_BLOCK_CAPTURE_AUTORELEASING = YES;
				CLANG_WARN_BOOL_CONVERSION = YES;
				CLANG_WARN_COMMA = YES;
				CLANG_WARN_CONSTANT_CONVERSION = YES;
				CLANG_WARN_DEPRECATED_OBJC_IMPLEMENTATIONS = YES;
				CLANG_WARN_DIRECT_OBJC_ISA_USAGE = YES_ERROR;
				CLANG_WARN_DOCUMENTATION_COMMENTS = YES;
				CLANG_WARN_EMPTY_BODY = YES;
				CLANG_WARN_ENUM_CONVERSION = YES;
				CLANG_WARN_INFINITE_RECURSION = YES;
				CLANG_WARN_INT_CONVERSION = YES;
				CLANG_WARN_NON_LITERAL_NULL_CONVERSION = YES;
				CLANG_WARN_OBJC_IMPLICIT_RETAIN_SELF = YES;
				CLANG_WARN_OBJC_LITERAL_CONVERSION = YES;
				CLANG_WARN_OBJC_ROOT_CLASS = YES_ERROR;
				CLANG_WARN_RANGE_LOOP_ANALYSIS = YES;
				CLANG_WARN_STRICT_PROTOTYPES = YES;
				CLANG_WARN_SUSPICIOUS_MOVE = YES;
				CLANG_WARN_UNGUARDED_AVAILABILITY = YES_AGGRESSIVE;
				CLANG_WARN_UNREACHABLE_CODE = YES;
				CLANG_WARN__DUPLICATE_METHOD_MATCH = YES;
				COPY_PHASE_STRIP = NO;
				DEBUG_INFORMATION_FORMAT = dwarf;
				ENABLE_STRICT_OBJC_MSGSEND = YES;
				ENABLE_TESTABILITY = YES;
				GCC_C_LANGUAGE_STANDARD = gnu11;
				GCC_DYNAMIC_NO_PIC = NO;
				GCC_NO_COMMON_BLOCKS = YES;
				GCC_OPTIMIZATION_LEVEL = 0;
				GCC_PREPROCESSOR_DEFINITIONS = (
					"DEBUG=1",
					"$(inherited)",
				);
				GCC_WARN_64_TO_32_BIT_CONVERSION = YES;
				GCC_WARN_ABOUT_RETURN_TYPE = YES_ERROR;
				GCC_WARN_UNDECLARED_SELECTOR = YES;
				GCC_WARN_UNINITIALIZED_AUTOS = YES_AGGRESSIVE;
				GCC_WARN_UNUSED_FUNCTION = YES;
				GCC_WARN_UNUSED_VARIABLE = YES;
				IPHONEOS_DEPLOYMENT_TARGET = 13.0;
				MTL_ENABLE_DEBUG_INFO = INCLUDE_SOURCE;
				MTL_FAST_MATH = YES;
				ONLY_ACTIVE_ARCH = YES;
				SDKROOT = iphoneos;
				SWIFT_ACTIVE_COMPILATION_CONDITIONS = DEBUG;
				SWIFT_OPTIMIZATION_LEVEL = "-Onone";
			};
			name = Debug;
		};
		95CF19BB234946EE00918D80 /* Release */ = {
			isa = XCBuildConfiguration;
			buildSettings = {
				ALWAYS_SEARCH_USER_PATHS = NO;
				CLANG_ANALYZER_NONNULL = YES;
				CLANG_ANALYZER_NUMBER_OBJECT_CONVERSION = YES_AGGRESSIVE;
				CLANG_CXX_LANGUAGE_STANDARD = "gnu++14";
				CLANG_CXX_LIBRARY = "libc++";
				CLANG_ENABLE_MODULES = YES;
				CLANG_ENABLE_OBJC_ARC = YES;
				CLANG_ENABLE_OBJC_WEAK = YES;
				CLANG_WARN_BLOCK_CAPTURE_AUTORELEASING = YES;
				CLANG_WARN_BOOL_CONVERSION = YES;
				CLANG_WARN_COMMA = YES;
				CLANG_WARN_CONSTANT_CONVERSION = YES;
				CLANG_WARN_DEPRECATED_OBJC_IMPLEMENTATIONS = YES;
				CLANG_WARN_DIRECT_OBJC_ISA_USAGE = YES_ERROR;
				CLANG_WARN_DOCUMENTATION_COMMENTS = YES;
				CLANG_WARN_EMPTY_BODY = YES;
				CLANG_WARN_ENUM_CONVERSION = YES;
				CLANG_WARN_INFINITE_RECURSION = YES;
				CLANG_WARN_INT_CONVERSION = YES;
				CLANG_WARN_NON_LITERAL_NULL_CONVERSION = YES;
				CLANG_WARN_OBJC_IMPLICIT_RETAIN_SELF = YES;
				CLANG_WARN_OBJC_LITERAL_CONVERSION = YES;
				CLANG_WARN_OBJC_ROOT_CLASS = YES_ERROR;
				CLANG_WARN_RANGE_LOOP_ANALYSIS = YES;
				CLANG_WARN_STRICT_PROTOTYPES = YES;
				CLANG_WARN_SUSPICIOUS_MOVE = YES;
				CLANG_WARN_UNGUARDED_AVAILABILITY = YES_AGGRESSIVE;
				CLANG_WARN_UNREACHABLE_CODE = YES;
				CLANG_WARN__DUPLICATE_METHOD_MATCH = YES;
				COPY_PHASE_STRIP = NO;
				DEBUG_INFORMATION_FORMAT = "dwarf-with-dsym";
				ENABLE_NS_ASSERTIONS = NO;
				ENABLE_STRICT_OBJC_MSGSEND = YES;
				GCC_C_LANGUAGE_STANDARD = gnu11;
				GCC_NO_COMMON_BLOCKS = YES;
				GCC_WARN_64_TO_32_BIT_CONVERSION = YES;
				GCC_WARN_ABOUT_RETURN_TYPE = YES_ERROR;
				GCC_WARN_UNDECLARED_SELECTOR = YES;
				GCC_WARN_UNINITIALIZED_AUTOS = YES_AGGRESSIVE;
				GCC_WARN_UNUSED_FUNCTION = YES;
				GCC_WARN_UNUSED_VARIABLE = YES;
				IPHONEOS_DEPLOYMENT_TARGET = 13.0;
				MTL_ENABLE_DEBUG_INFO = NO;
				MTL_FAST_MATH = YES;
				SDKROOT = iphoneos;
				SWIFT_COMPILATION_MODE = wholemodule;
				SWIFT_OPTIMIZATION_LEVEL = "-O";
				VALIDATE_PRODUCT = YES;
			};
			name = Release;
		};
		95CF19BD234946EE00918D80 /* Debug */ = {
			isa = XCBuildConfiguration;
			buildSettings = {
				ASSETCATALOG_COMPILER_APPICON_NAME = AppIcon;
				CODE_SIGN_STYLE = Automatic;
				DEVELOPMENT_ASSET_PATHS = "\"SwiftUI Demo/Preview Content\"";
				DEVELOPMENT_TEAM = CW7RK4BNJW;
				ENABLE_PREVIEWS = YES;
				INFOPLIST_FILE = "SwiftUI Demo/Info.plist";
				LD_RUNPATH_SEARCH_PATHS = (
					"$(inherited)",
					"@executable_path/Frameworks",
				);
				PRODUCT_BUNDLE_IDENTIFIER = "com.lucas.SwiftUI-Demo";
				PRODUCT_NAME = "$(TARGET_NAME)";
				SWIFT_VERSION = 5.0;
				TARGETED_DEVICE_FAMILY = "1,2";
			};
			name = Debug;
		};
		95CF19BE234946EE00918D80 /* Release */ = {
			isa = XCBuildConfiguration;
			buildSettings = {
				ASSETCATALOG_COMPILER_APPICON_NAME = AppIcon;
				CODE_SIGN_STYLE = Automatic;
				DEVELOPMENT_ASSET_PATHS = "\"SwiftUI Demo/Preview Content\"";
				DEVELOPMENT_TEAM = CW7RK4BNJW;
				ENABLE_PREVIEWS = YES;
				INFOPLIST_FILE = "SwiftUI Demo/Info.plist";
				LD_RUNPATH_SEARCH_PATHS = (
					"$(inherited)",
					"@executable_path/Frameworks",
				);
				PRODUCT_BUNDLE_IDENTIFIER = "com.lucas.SwiftUI-Demo";
				PRODUCT_NAME = "$(TARGET_NAME)";
				SWIFT_VERSION = 5.0;
				TARGETED_DEVICE_FAMILY = "1,2";
			};
			name = Release;
		};
/* End XCBuildConfiguration section */

/* Begin XCConfigurationList section */
		95CF19A3234946ED00918D80 /* Build configuration list for PBXProject "SwiftUI Demo" */ = {
			isa = XCConfigurationList;
			buildConfigurations = (
				95CF19BA234946EE00918D80 /* Debug */,
				95CF19BB234946EE00918D80 /* Release */,
			);
			defaultConfigurationIsVisible = 0;
			defaultConfigurationName = Release;
		};
		95CF19BC234946EE00918D80 /* Build configuration list for PBXNativeTarget "SwiftUI Demo" */ = {
			isa = XCConfigurationList;
			buildConfigurations = (
				95CF19BD234946EE00918D80 /* Debug */,
				95CF19BE234946EE00918D80 /* Release */,
			);
			defaultConfigurationIsVisible = 0;
			defaultConfigurationName = Release;
		};
/* End XCConfigurationList section */
	};
	rootObject = 95CF19A0234946ED00918D80 /* Project object */;
}
